
Microsoft Visual Studio Solution File, Format Version 12.00
# Visual Studio Version 17
VisualStudioVersion = 17.12.35506.116 d17.12
MinimumVisualStudioVersion = 10.0.40219.1
Project("{2150E333-8FDC-42A3-9474-1A3956D46DE8}") = "Tests", "Tests", "{7B3A25BF-F40D-4CC5-B8B4-4B431A381E80}"
EndProject
Project("{FAE04EC0-301F-11D3-BF4B-00C04F79EFBC}") = "SnowyRiver.VisionMaster.Modules.ModuleName.Tests", "SnowyRiver.VisionMaster\Tests\SnowyRiver.VisionMaster.Modules.ModuleName.Tests\SnowyRiver.VisionMaster.Modules.ModuleName.Tests.csproj", "{01B94AC5-E2F3-400B-96D6-CE2CB64E32E1}"
EndProject
Project("{2150E333-8FDC-42A3-9474-1A3956D46DE8}") = "Modules", "Modules", "{57CAAF07-B02D-4503-8358-30E59DEB39F1}"
EndProject
Project("{FAE04EC0-301F-11D3-BF4B-00C04F79EFBC}") = "SnowyRiver.VisionMaster.Modules.ModuleName", "SnowyRiver.VisionMaster\Modules\SnowyRiver.VisionMaster.Modules.ModuleName\SnowyRiver.VisionMaster.Modules.ModuleName.csproj", "{114874F0-D0AD-47B1-A3B4-00949B9C8240}"
EndProject
Project("{2150E333-8FDC-42A3-9474-1A3956D46DE8}") = "Services", "Services", "{C236C2FE-E9B9-4463-9584-A892A022AE79}"
EndProject
Project("{FAE04EC0-301F-11D3-BF4B-00C04F79EFBC}") = "SnowyRiver.VisionMaster.Services", "SnowyRiver.VisionMaster\Services\SnowyRiver.VisionMaster.Services\SnowyRiver.VisionMaster.Services.csproj", "{E36EF353-DBEB-41DB-86F2-CE46CEE639FB}"
EndProject
Project("{FAE04EC0-301F-11D3-BF4B-00C04F79EFBC}") = "SnowyRiver.VisionMaster.Services.Interfaces", "SnowyRiver.VisionMaster\Services\SnowyRiver.VisionMaster.Services.Interfaces\SnowyRiver.VisionMaster.Services.Interfaces.csproj", "{603B1A14-F08D-4259-A2BB-C7F895FF8C26}"
EndProject
Project("{FAE04EC0-301F-11D3-BF4B-00C04F79EFBC}") = "SnowyRiver.VisionMaster", "SnowyRiver.VisionMaster\SnowyRiver.VisionMaster\SnowyRiver.VisionMaster.csproj", "{D9D289B4-840B-45B2-BDDB-6F88CFF6B796}"
EndProject
Project("{FAE04EC0-301F-11D3-BF4B-00C04F79EFBC}") = "SnowyRiver.VisionMaster.Core", "SnowyRiver.VisionMaster\SnowyRiver.VisionMaster.Core\SnowyRiver.VisionMaster.Core.csproj", "{336EA52D-98C6-4969-A8AB-826C26FF26D9}"
EndProject
Global
	GlobalSection(SolutionConfigurationPlatforms) = preSolution
		Debug|Any CPU = Debug|Any CPU
		Release|Any CPU = Release|Any CPU
	EndGlobalSection
	GlobalSection(ProjectConfigurationPlatforms) = postSolution
		{01B94AC5-E2F3-400B-96D6-CE2CB64E32E1}.Debug|Any CPU.ActiveCfg = Debug|Any CPU
		{01B94AC5-E2F3-400B-96D6-CE2CB64E32E1}.Debug|Any CPU.Build.0 = Debug|Any CPU
		{01B94AC5-E2F3-400B-96D6-CE2CB64E32E1}.Release|Any CPU.ActiveCfg = Release|Any CPU
		{01B94AC5-E2F3-400B-96D6-CE2CB64E32E1}.Release|Any CPU.Build.0 = Release|Any CPU
		{114874F0-D0AD-47B1-A3B4-00949B9C8240}.Debug|Any CPU.ActiveCfg = Debug|Any CPU
		{114874F0-D0AD-47B1-A3B4-00949B9C8240}.Debug|Any CPU.Build.0 = Debug|Any CPU
		{114874F0-D0AD-47B1-A3B4-00949B9C8240}.Release|Any CPU.ActiveCfg = Release|Any CPU
		{114874F0-D0AD-47B1-A3B4-00949B9C8240}.Release|Any CPU.Build.0 = Release|Any CPU
		{E36EF353-DBEB-41DB-86F2-CE46CEE639FB}.Debug|Any CPU.ActiveCfg = Debug|Any CPU
		{E36EF353-DBEB-41DB-86F2-CE46CEE639FB}.Debug|Any CPU.Build.0 = Debug|Any CPU
		{E36EF353-DBEB-41DB-86F2-CE46CEE639FB}.Release|Any CPU.ActiveCfg = Release|Any CPU
		{E36EF353-DBEB-41DB-86F2-CE46CEE639FB}.Release|Any CPU.Build.0 = Release|Any CPU
		{603B1A14-F08D-4259-A2BB-C7F895FF8C26}.Debug|Any CPU.ActiveCfg = Debug|Any CPU
		{603B1A14-F08D-4259-A2BB-C7F895FF8C26}.Debug|Any CPU.Build.0 = Debug|Any CPU
		{603B1A14-F08D-4259-A2BB-C7F895FF8C26}.Release|Any CPU.ActiveCfg = Release|Any CPU
		{603B1A14-F08D-4259-A2BB-C7F895FF8C26}.Release|Any CPU.Build.0 = Release|Any CPU
		{D9D289B4-840B-45B2-BDDB-6F88CFF6B796}.Debug|Any CPU.ActiveCfg = Debug|Any CPU
		{D9D289B4-840B-45B2-BDDB-6F88CFF6B796}.Debug|Any CPU.Build.0 = Debug|Any CPU
		{D9D289B4-840B-45B2-BDDB-6F88CFF6B796}.Release|Any CPU.ActiveCfg = Release|Any CPU
		{D9D289B4-840B-45B2-BDDB-6F88CFF6B796}.Release|Any CPU.Build.0 = Release|Any CPU
		{336EA52D-98C6-4969-A8AB-826C26FF26D9}.Debug|Any CPU.ActiveCfg = Debug|Any CPU
		{336EA52D-98C6-4969-A8AB-826C26FF26D9}.Debug|Any CPU.Build.0 = Debug|Any CPU
		{336EA52D-98C6-4969-A8AB-826C26FF26D9}.Release|Any CPU.ActiveCfg = Release|Any CPU
		{336EA52D-98C6-4969-A8AB-826C26FF26D9}.Release|Any CPU.Build.0 = Release|Any CPU
	EndGlobalSection
	GlobalSection(SolutionProperties) = preSolution
		HideSolutionNode = FALSE
	EndGlobalSection
	GlobalSection(NestedProjects) = preSolution
		{01B94AC5-E2F3-400B-96D6-CE2CB64E32E1} = {7B3A25BF-F40D-4CC5-B8B4-4B431A381E80}
		{114874F0-D0AD-47B1-A3B4-00949B9C8240} = {57CAAF07-B02D-4503-8358-30E59DEB39F1}
		{E36EF353-DBEB-41DB-86F2-CE46CEE639FB} = {C236C2FE-E9B9-4463-9584-A892A022AE79}
		{603B1A14-F08D-4259-A2BB-C7F895FF8C26} = {C236C2FE-E9B9-4463-9584-A892A022AE79}
	EndGlobalSection
EndGlobal
